
Microsoft Visual Studio Solution File, Format Version 12.00
# Visual Studio Version 17
VisualStudioVersion = 17.9.34728.123
MinimumVisualStudioVersion = 10.0.40219.1
Project("{FAE04EC0-301F-11D3-BF4B-00C04F79EFBC}") = "Bitcoin Calculator", "Bitcoin Calculator\Bitcoin Calculator.csproj", "{2DE6BE61-5D51-4644-943F-7E088FFF6A6F}"
EndProject
Global
	GlobalSection(SolutionConfigurationPlatforms) = preSolution
		Debug|Any CPU = Debug|Any CPU
		Release|Any CPU = Release|Any CPU
	EndGlobalSection
	GlobalSection(ProjectConfigurationPlatforms) = postSolution
		{2DE6BE61-5D51-4644-943F-7E088FFF6A6F}.Debug|Any CPU.ActiveCfg = Debug|Any CPU
		{2DE6BE61-5D51-4644-943F-7E088FFF6A6F}.Debug|Any CPU.Build.0 = Debug|Any CPU
		{2DE6BE61-5D51-4644-943F-7E088FFF6A6F}.Release|Any CPU.ActiveCfg = Release|Any CPU
		{2DE6BE61-5D51-4644-943F-7E088FFF6A6F}.Release|Any CPU.Build.0 = Release|Any CPU
	EndGlobalSection
	GlobalSection(SolutionProperties) = preSolution
		HideSolutionNode = FALSE
	EndGlobalSection
	GlobalSection(ExtensibilityGlobals) = postSolution
		SolutionGuid = {D8A4AB23-79FE-4B54-BB18-38EF049926CC}
	EndGlobalSection
EndGlobal
